// !$*UTF8*$!
{
	archiveVersion = 1;
	classes = {
	};
	objectVersion = 50;
	objects = {

/* Begin PBXBuildFile section */
		B297939622E2D5D100DF8A00 /* AppDelegate.m in Sources */ = {isa = PBXBuildFile; fileRef = B297939522E2D5D100DF8A00 /* AppDelegate.m */; };
		B297939922E2D5D100DF8A00 /* ViewController.m in Sources */ = {isa = PBXBuildFile; fileRef = B297939822E2D5D100DF8A00 /* ViewController.m */; };
		B297939C22E2D5D100DF8A00 /* Main.storyboard in Resources */ = {isa = PBXBuildFile; fileRef = B297939A22E2D5D100DF8A00 /* Main.storyboard */; };
		B297939E22E2D5D200DF8A00 /* Assets.xcassets in Resources */ = {isa = PBXBuildFile; fileRef = B297939D22E2D5D200DF8A00 /* Assets.xcassets */; };
		B29793A122E2D5D200DF8A00 /* LaunchScreen.storyboard in Resources */ = {isa = PBXBuildFile; fileRef = B297939F22E2D5D200DF8A00 /* LaunchScreen.storyboard */; };
		B29793A422E2D5D200DF8A00 /* main.m in Sources */ = {isa = PBXBuildFile; fileRef = B29793A322E2D5D200DF8A00 /* main.m */; };
		B29793B422E2DF0800DF8A00 /* UIViewNavigationController.m in Sources */ = {isa = PBXBuildFile; fileRef = B29793AC22E2DF0800DF8A00 /* UIViewNavigationController.m */; };
		B29793B522E2DF0800DF8A00 /* PageView.m in Sources */ = {isa = PBXBuildFile; fileRef = B29793AF22E2DF0800DF8A00 /* PageView.m */; };
		B29793B622E2DF0800DF8A00 /* UIView+Pageable.m in Sources */ = {isa = PBXBuildFile; fileRef = B29793B322E2DF0800DF8A00 /* UIView+Pageable.m */; };
		B29793B922E2DF4B00DF8A00 /* img1.jpg in Resources */ = {isa = PBXBuildFile; fileRef = B29793B722E2DF4B00DF8A00 /* img1.jpg */; };
		B29793BA22E2DF4B00DF8A00 /* img2.jpg in Resources */ = {isa = PBXBuildFile; fileRef = B29793B822E2DF4B00DF8A00 /* img2.jpg */; };
		B29793BD22E2DF8700DF8A00 /* DemoViewA.m in Sources */ = {isa = PBXBuildFile; fileRef = B29793BC22E2DF8700DF8A00 /* DemoViewA.m */; };
		B29793C022E2DF9300DF8A00 /* DemoViewB.m in Sources */ = {isa = PBXBuildFile; fileRef = B29793BF22E2DF9300DF8A00 /* DemoViewB.m */; };
		B29793C222E2E02900DF8A00 /* back@2x.png in Resources */ = {isa = PBXBuildFile; fileRef = B29793C122E2E02900DF8A00 /* back@2x.png */; };
/* End PBXBuildFile section */

/* Begin PBXFileReference section */
		B297939122E2D5D100DF8A00 /* YHPageView.app */ = {isa = PBXFileReference; explicitFileType = wrapper.application; includeInIndex = 0; path = YHPageView.app; sourceTree = BUILT_PRODUCTS_DIR; };
		B297939422E2D5D100DF8A00 /* AppDelegate.h */ = {isa = PBXFileReference; lastKnownFileType = sourcecode.c.h; path = AppDelegate.h; sourceTree = "<group>"; };
		B297939522E2D5D100DF8A00 /* AppDelegate.m */ = {isa = PBXFileReference; lastKnownFileType = sourcecode.c.objc; path = AppDelegate.m; sourceTree = "<group>"; };
		B297939722E2D5D100DF8A00 /* ViewController.h */ = {isa = PBXFileReference; lastKnownFileType = sourcecode.c.h; path = ViewController.h; sourceTree = "<group>"; };
		B297939822E2D5D100DF8A00 /* ViewController.m */ = {isa = PBXFileReference; lastKnownFileType = sourcecode.c.objc; path = ViewController.m; sourceTree = "<group>"; };
		B297939B22E2D5D100DF8A00 /* Base */ = {isa = PBXFileReference; lastKnownFileType = file.storyboard; name = Base; path = Base.lproj/Main.storyboard; sourceTree = "<group>"; };
		B297939D22E2D5D200DF8A00 /* Assets.xcassets */ = {isa = PBXFileReference; lastKnownFileType = folder.assetcatalog; path = Assets.xcassets; sourceTree = "<group>"; };
		B29793A022E2D5D200DF8A00 /* Base */ = {isa = PBXFileReference; lastKnownFileType = file.storyboard; name = Base; path = Base.lproj/LaunchScreen.storyboard; sourceTree = "<group>"; };
		B29793A222E2D5D200DF8A00 /* Info.plist */ = {isa = PBXFileReference; lastKnownFileType = text.plist.xml; path = Info.plist; sourceTree = "<group>"; };
		B29793A322E2D5D200DF8A00 /* main.m */ = {isa = PBXFileReference; lastKnownFileType = sourcecode.c.objc; path = main.m; sourceTree = "<group>"; };
		B29793AC22E2DF0800DF8A00 /* UIViewNavigationController.m */ = {isa = PBXFileReference; fileEncoding = 4; lastKnownFileType = sourcecode.c.objc; path = UIViewNavigationController.m; sourceTree = "<group>"; };
		B29793AD22E2DF0800DF8A00 /* UIViewNavigationController.h */ = {isa = PBXFileReference; fileEncoding = 4; lastKnownFileType = sourcecode.c.h; path = UIViewNavigationController.h; sourceTree = "<group>"; };
		B29793AF22E2DF0800DF8A00 /* PageView.m */ = {isa = PBXFileReference; fileEncoding = 4; lastKnownFileType = sourcecode.c.objc; path = PageView.m; sourceTree = "<group>"; };
		B29793B022E2DF0800DF8A00 /* PageView.h */ = {isa = PBXFileReference; fileEncoding = 4; lastKnownFileType = sourcecode.c.h; path = PageView.h; sourceTree = "<group>"; };
		B29793B222E2DF0800DF8A00 /* UIView+Pageable.h */ = {isa = PBXFileReference; fileEncoding = 4; lastKnownFileType = sourcecode.c.h; path = "UIView+Pageable.h"; sourceTree = "<group>"; };
		B29793B322E2DF0800DF8A00 /* UIView+Pageable.m */ = {isa = PBXFileReference; fileEncoding = 4; lastKnownFileType = sourcecode.c.objc; path = "UIView+Pageable.m"; sourceTree = "<group>"; };
		B29793B722E2DF4B00DF8A00 /* img1.jpg */ = {isa = PBXFileReference; lastKnownFileType = image.jpeg; path = img1.jpg; sourceTree = "<group>"; };
		B29793B822E2DF4B00DF8A00 /* img2.jpg */ = {isa = PBXFileReference; lastKnownFileType = image.jpeg; path = img2.jpg; sourceTree = "<group>"; };
		B29793BB22E2DF8700DF8A00 /* DemoViewA.h */ = {isa = PBXFileReference; lastKnownFileType = sourcecode.c.h; path = DemoViewA.h; sourceTree = "<group>"; };
		B29793BC22E2DF8700DF8A00 /* DemoViewA.m */ = {isa = PBXFileReference; lastKnownFileType = sourcecode.c.objc; path = DemoViewA.m; sourceTree = "<group>"; };
		B29793BE22E2DF9300DF8A00 /* DemoViewB.h */ = {isa = PBXFileReference; lastKnownFileType = sourcecode.c.h; path = DemoViewB.h; sourceTree = "<group>"; };
		B29793BF22E2DF9300DF8A00 /* DemoViewB.m */ = {isa = PBXFileReference; lastKnownFileType = sourcecode.c.objc; path = DemoViewB.m; sourceTree = "<group>"; };
		B29793C122E2E02900DF8A00 /* back@2x.png */ = {isa = PBXFileReference; lastKnownFileType = image.png; path = "back@2x.png"; sourceTree = "<group>"; };
/* End PBXFileReference section */

/* Begin PBXFrameworksBuildPhase section */
		B297938E22E2D5D100DF8A00 /* Frameworks */ = {
			isa = PBXFrameworksBuildPhase;
			buildActionMask = 2147483647;
			files = (
			);
			runOnlyForDeploymentPostprocessing = 0;
		};
/* End PBXFrameworksBuildPhase section */

/* Begin PBXGroup section */
		B297938822E2D5D100DF8A00 = {
			isa = PBXGroup;
			children = (
				B297939322E2D5D100DF8A00 /* YHPageView */,
				B297939222E2D5D100DF8A00 /* Products */,
			);
			sourceTree = "<group>";
		};
		B297939222E2D5D100DF8A00 /* Products */ = {
			isa = PBXGroup;
			children = (
				B297939122E2D5D100DF8A00 /* YHPageView.app */,
			);
			name = Products;
			sourceTree = "<group>";
		};
		B297939322E2D5D100DF8A00 /* YHPageView */ = {
			isa = PBXGroup;
			children = (
				B297939422E2D5D100DF8A00 /* AppDelegate.h */,
				B297939522E2D5D100DF8A00 /* AppDelegate.m */,
				B297939722E2D5D100DF8A00 /* ViewController.h */,
				B297939822E2D5D100DF8A00 /* ViewController.m */,
				B29793BB22E2DF8700DF8A00 /* DemoViewA.h */,
				B29793BC22E2DF8700DF8A00 /* DemoViewA.m */,
				B29793BE22E2DF9300DF8A00 /* DemoViewB.h */,
				B29793BF22E2DF9300DF8A00 /* DemoViewB.m */,
				B29793AE22E2DF0800DF8A00 /* version1 */,
				B29793B122E2DF0800DF8A00 /* version2 */,
				B29793AB22E2DF0800DF8A00 /* version3 */,
				B29793AA22E2D60100DF8A00 /* Support File */,
			);
			path = YHPageView;
			sourceTree = "<group>";
		};
		B29793AA22E2D60100DF8A00 /* Support File */ = {
			isa = PBXGroup;
			children = (
				B29793B722E2DF4B00DF8A00 /* img1.jpg */,
				B29793C122E2E02900DF8A00 /* back@2x.png */,
				B29793B822E2DF4B00DF8A00 /* img2.jpg */,
				B297939A22E2D5D100DF8A00 /* Main.storyboard */,
				B297939D22E2D5D200DF8A00 /* Assets.xcassets */,
				B297939F22E2D5D200DF8A00 /* LaunchScreen.storyboard */,
				B29793A222E2D5D200DF8A00 /* Info.plist */,
				B29793A322E2D5D200DF8A00 /* main.m */,
			);
			name = "Support File";
			sourceTree = "<group>";
		};
		B29793AB22E2DF0800DF8A00 /* version3 */ = {
			isa = PBXGroup;
			children = (
				B29793AC22E2DF0800DF8A00 /* UIViewNavigationController.m */,
				B29793AD22E2DF0800DF8A00 /* UIViewNavigationController.h */,
			);
			path = version3;
			sourceTree = "<group>";
		};
		B29793AE22E2DF0800DF8A00 /* version1 */ = {
			isa = PBXGroup;
			children = (
				B29793AF22E2DF0800DF8A00 /* PageView.m */,
				B29793B022E2DF0800DF8A00 /* PageView.h */,
			);
			path = version1;
			sourceTree = "<group>";
		};
		B29793B122E2DF0800DF8A00 /* version2 */ = {
			isa = PBXGroup;
			children = (
				B29793B222E2DF0800DF8A00 /* UIView+Pageable.h */,
				B29793B322E2DF0800DF8A00 /* UIView+Pageable.m */,
			);
			path = version2;
			sourceTree = "<group>";
		};
/* End PBXGroup section */

/* Begin PBXNativeTarget section */
		B297939022E2D5D100DF8A00 /* YHPageView */ = {
			isa = PBXNativeTarget;
			buildConfigurationList = B29793A722E2D5D200DF8A00 /* Build configuration list for PBXNativeTarget "YHPageView" */;
			buildPhases = (
				B297938D22E2D5D100DF8A00 /* Sources */,
				B297938E22E2D5D100DF8A00 /* Frameworks */,
				B297938F22E2D5D100DF8A00 /* Resources */,
			);
			buildRules = (
			);
			dependencies = (
			);
			name = YHPageView;
			productName = YHPageView;
			productReference = B297939122E2D5D100DF8A00 /* YHPageView.app */;
			productType = "com.apple.product-type.application";
		};
/* End PBXNativeTarget section */

/* Begin PBXProject section */
		B297938922E2D5D100DF8A00 /* Project object */ = {
			isa = PBXProject;
			attributes = {
				LastUpgradeCheck = 1020;
				ORGANIZATIONNAME = "Xin Hua Zhi Yun";
				TargetAttributes = {
					B297939022E2D5D100DF8A00 = {
						CreatedOnToolsVersion = 10.2.1;
					};
				};
			};
			buildConfigurationList = B297938C22E2D5D100DF8A00 /* Build configuration list for PBXProject "YHPageView" */;
			compatibilityVersion = "Xcode 9.3";
			developmentRegion = en;
			hasScannedForEncodings = 0;
			knownRegions = (
				en,
				Base,
			);
			mainGroup = B297938822E2D5D100DF8A00;
			productRefGroup = B297939222E2D5D100DF8A00 /* Products */;
			projectDirPath = "";
			projectRoot = "";
			targets = (
				B297939022E2D5D100DF8A00 /* YHPageView */,
			);
		};
/* End PBXProject section */

/* Begin PBXResourcesBuildPhase section */
		B297938F22E2D5D100DF8A00 /* Resources */ = {
			isa = PBXResourcesBuildPhase;
			buildActionMask = 2147483647;
			files = (
				B29793A122E2D5D200DF8A00 /* LaunchScreen.storyboard in Resources */,
				B29793BA22E2DF4B00DF8A00 /* img2.jpg in Resources */,
				B29793B922E2DF4B00DF8A00 /* img1.jpg in Resources */,
				B297939E22E2D5D200DF8A00 /* Assets.xcassets in Resources */,
				B297939C22E2D5D100DF8A00 /* Main.storyboard in Resources */,
				B29793C222E2E02900DF8A00 /* back@2x.png in Resources */,
			);
			runOnlyForDeploymentPostprocessing = 0;
		};
/* End PBXResourcesBuildPhase section */

/* Begin PBXSourcesBuildPhase section */
		B297938D22E2D5D100DF8A00 /* Sources */ = {
			isa = PBXSourcesBuildPhase;
			buildActionMask = 2147483647;
			files = (
				B29793C022E2DF9300DF8A00 /* DemoViewB.m in Sources */,
				B29793B422E2DF0800DF8A00 /* UIViewNavigationController.m in Sources */,
				B29793BD22E2DF8700DF8A00 /* DemoViewA.m in Sources */,
				B297939922E2D5D100DF8A00 /* ViewController.m in Sources */,
				B29793A422E2D5D200DF8A00 /* main.m in Sources */,
				B29793B622E2DF0800DF8A00 /* UIView+Pageable.m in Sources */,
				B297939622E2D5D100DF8A00 /* AppDelegate.m in Sources */,
				B29793B522E2DF0800DF8A00 /* PageView.m in Sources */,
			);
			runOnlyForDeploymentPostprocessing = 0;
		};
/* End PBXSourcesBuildPhase section */

/* Begin PBXVariantGroup section */
		B297939A22E2D5D100DF8A00 /* Main.storyboard */ = {
			isa = PBXVariantGroup;
			children = (
				B297939B22E2D5D100DF8A00 /* Base */,
			);
			name = Main.storyboard;
			sourceTree = "<group>";
		};
		B297939F22E2D5D200DF8A00 /* LaunchScreen.storyboard */ = {
			isa = PBXVariantGroup;
			children = (
				B29793A022E2D5D200DF8A00 /* Base */,
			);
			name = LaunchScreen.storyboard;
			sourceTree = "<group>";
		};
/* End PBXVariantGroup section */

/* Begin XCBuildConfiguration section */
		B29793A522E2D5D200DF8A00 /* Debug */ = {
			isa = XCBuildConfiguration;
			buildSettings = {
				ALWAYS_SEARCH_USER_PATHS = NO;
				CLANG_ANALYZER_NONNULL = YES;
				CLANG_ANALYZER_NUMBER_OBJECT_CONVERSION = YES_AGGRESSIVE;
				CLANG_CXX_LANGUAGE_STANDARD = "gnu++14";
				CLANG_CXX_LIBRARY = "libc++";
				CLANG_ENABLE_MODULES = YES;
				CLANG_ENABLE_OBJC_ARC = YES;
				CLANG_ENABLE_OBJC_WEAK = YES;
				CLANG_WARN_BLOCK_CAPTURE_AUTORELEASING = YES;
				CLANG_WARN_BOOL_CONVERSION = YES;
				CLANG_WARN_COMMA = YES;
				CLANG_WARN_CONSTANT_CONVERSION = YES;
				CLANG_WARN_DEPRECATED_OBJC_IMPLEMENTATIONS = YES;
				CLANG_WARN_DIRECT_OBJC_ISA_USAGE = YES_ERROR;
				CLANG_WARN_DOCUMENTATION_COMMENTS = YES;
				CLANG_WARN_EMPTY_BODY = YES;
				CLANG_WARN_ENUM_CONVERSION = YES;
				CLANG_WARN_INFINITE_RECURSION = YES;
				CLANG_WARN_INT_CONVERSION = YES;
				CLANG_WARN_NON_LITERAL_NULL_CONVERSION = YES;
				CLANG_WARN_OBJC_IMPLICIT_RETAIN_SELF = YES;
				CLANG_WARN_OBJC_LITERAL_CONVERSION = YES;
				CLANG_WARN_OBJC_ROOT_CLASS = YES_ERROR;
				CLANG_WARN_RANGE_LOOP_ANALYSIS = YES;
				CLANG_WARN_STRICT_PROTOTYPES = YES;
				CLANG_WARN_SUSPICIOUS_MOVE = YES;
				CLANG_WARN_UNGUARDED_AVAILABILITY = YES_AGGRESSIVE;
				CLANG_WARN_UNREACHABLE_CODE = YES;
				CLANG_WARN__DUPLICATE_METHOD_MATCH = YES;
				CODE_SIGN_IDENTITY = "iPhone Developer";
				COPY_PHASE_STRIP = NO;
				DEBUG_INFORMATION_FORMAT = dwarf;
				ENABLE_STRICT_OBJC_MSGSEND = YES;
				ENABLE_TESTABILITY = YES;
				GCC_C_LANGUAGE_STANDARD = gnu11;
				GCC_DYNAMIC_NO_PIC = NO;
				GCC_NO_COMMON_BLOCKS = YES;
				GCC_OPTIMIZATION_LEVEL = 0;
				GCC_PREPROCESSOR_DEFINITIONS = (
					"DEBUG=1",
					"$(inherited)",
				);
				GCC_WARN_64_TO_32_BIT_CONVERSION = YES;
				GCC_WARN_ABOUT_RETURN_TYPE = YES_ERROR;
				GCC_WARN_UNDECLARED_SELECTOR = YES;
				GCC_WARN_UNINITIALIZED_AUTOS = YES_AGGRESSIVE;
				GCC_WARN_UNUSED_FUNCTION = YES;
				GCC_WARN_UNUSED_VARIABLE = YES;
				IPHONEOS_DEPLOYMENT_TARGET = 12.2;
				MTL_ENABLE_DEBUG_INFO = INCLUDE_SOURCE;
				MTL_FAST_MATH = YES;
				ONLY_ACTIVE_ARCH = YES;
				SDKROOT = iphoneos;
			};
			name = Debug;
		};
		B29793A622E2D5D200DF8A00 /* Release */ = {
			isa = XCBuildConfiguration;
			buildSettings = {
				ALWAYS_SEARCH_USER_PATHS = NO;
				CLANG_ANALYZER_NONNULL = YES;
				CLANG_ANALYZER_NUMBER_OBJECT_CONVERSION = YES_AGGRESSIVE;
				CLANG_CXX_LANGUAGE_STANDARD = "gnu++14";
				CLANG_CXX_LIBRARY = "libc++";
				CLANG_ENABLE_MODULES = YES;
				CLANG_ENABLE_OBJC_ARC = YES;
				CLANG_ENABLE_OBJC_WEAK = YES;
				CLANG_WARN_BLOCK_CAPTURE_AUTORELEASING = YES;
				CLANG_WARN_BOOL_CONVERSION = YES;
				CLANG_WARN_COMMA = YES;
				CLANG_WARN_CONSTANT_CONVERSION = YES;
				CLANG_WARN_DEPRECATED_OBJC_IMPLEMENTATIONS = YES;
				CLANG_WARN_DIRECT_OBJC_ISA_USAGE = YES_ERROR;
				CLANG_WARN_DOCUMENTATION_COMMENTS = YES;
				CLANG_WARN_EMPTY_BODY = YES;
				CLANG_WARN_ENUM_CONVERSION = YES;
				CLANG_WARN_INFINITE_RECURSION = YES;
				CLANG_WARN_INT_CONVERSION = YES;
				CLANG_WARN_NON_LITERAL_NULL_CONVERSION = YES;
				CLANG_WARN_OBJC_IMPLICIT_RETAIN_SELF = YES;
				CLANG_WARN_OBJC_LITERAL_CONVERSION = YES;
				CLANG_WARN_OBJC_ROOT_CLASS = YES_ERROR;
				CLANG_WARN_RANGE_LOOP_ANALYSIS = YES;
				CLANG_WARN_STRICT_PROTOTYPES = YES;
				CLANG_WARN_SUSPICIOUS_MOVE = YES;
				CLANG_WARN_UNGUARDED_AVAILABILITY = YES_AGGRESSIVE;
				CLANG_WARN_UNREACHABLE_CODE = YES;
				CLANG_WARN__DUPLICATE_METHOD_MATCH = YES;
				CODE_SIGN_IDENTITY = "iPhone Developer";
				COPY_PHASE_STRIP = NO;
				DEBUG_INFORMATION_FORMAT = "dwarf-with-dsym";
				ENABLE_NS_ASSERTIONS = NO;
				ENABLE_STRICT_OBJC_MSGSEND = YES;
				GCC_C_LANGUAGE_STANDARD = gnu11;
				GCC_NO_COMMON_BLOCKS = YES;
				GCC_WARN_64_TO_32_BIT_CONVERSION = YES;
				GCC_WARN_ABOUT_RETURN_TYPE = YES_ERROR;
				GCC_WARN_UNDECLARED_SELECTOR = YES;
				GCC_WARN_UNINITIALIZED_AUTOS = YES_AGGRESSIVE;
				GCC_WARN_UNUSED_FUNCTION = YES;
				GCC_WARN_UNUSED_VARIABLE = YES;
				IPHONEOS_DEPLOYMENT_TARGET = 12.2;
				MTL_ENABLE_DEBUG_INFO = NO;
				MTL_FAST_MATH = YES;
				SDKROOT = iphoneos;
				VALIDATE_PRODUCT = YES;
			};
			name = Release;
		};
		B29793A822E2D5D200DF8A00 /* Debug */ = {
			isa = XCBuildConfiguration;
			buildSettings = {
				ASSETCATALOG_COMPILER_APPICON_NAME = AppIcon;
				CODE_SIGN_STYLE = Automatic;
				DEVELOPMENT_TEAM = R43737H5WP;
				INFOPLIST_FILE = YHPageView/Info.plist;
				LD_RUNPATH_SEARCH_PATHS = (
					"$(inherited)",
					"@executable_path/Frameworks",
				);
				PRODUCT_BUNDLE_IDENTIFIER = com.shuwen.YHPageView;
				PRODUCT_NAME = "$(TARGET_NAME)";
				TARGETED_DEVICE_FAMILY = "1,2";
			};
			name = Debug;
		};
		B29793A922E2D5D200DF8A00 /* Release */ = {
			isa = XCBuildConfiguration;
			buildSettings = {
				ASSETCATALOG_COMPILER_APPICON_NAME = AppIcon;
				CODE_SIGN_STYLE = Automatic;
				DEVELOPMENT_TEAM = R43737H5WP;
				INFOPLIST_FILE = YHPageView/Info.plist;
				LD_RUNPATH_SEARCH_PATHS = (
					"$(inherited)",
					"@executable_path/Frameworks",
				);
				PRODUCT_BUNDLE_IDENTIFIER = com.shuwen.YHPageView;
				PRODUCT_NAME = "$(TARGET_NAME)";
				TARGETED_DEVICE_FAMILY = "1,2";
			};
			name = Release;
		};
/* End XCBuildConfiguration section */

/* Begin XCConfigurationList section */
		B297938C22E2D5D100DF8A00 /* Build configuration list for PBXProject "YHPageView" */ = {
			isa = XCConfigurationList;
			buildConfigurations = (
				B29793A522E2D5D200DF8A00 /* Debug */,
				B29793A622E2D5D200DF8A00 /* Release */,
			);
			defaultConfigurationIsVisible = 0;
			defaultConfigurationName = Release;
		};
		B29793A722E2D5D200DF8A00 /* Build configuration list for PBXNativeTarget "YHPageView" */ = {
			isa = XCConfigurationList;
			buildConfigurations = (
				B29793A822E2D5D200DF8A00 /* Debug */,
				B29793A922E2D5D200DF8A00 /* Release */,
			);
			defaultConfigurationIsVisible = 0;
			defaultConfigurationName = Release;
		};
/* End XCConfigurationList section */
	};
	rootObject = B297938922E2D5D100DF8A00 /* Project object */;
}
